
Microsoft Visual Studio Solution File, Format Version 12.00
# Visual Studio Version 17
VisualStudioVersion = 17.14.36518.9 d17.14
MinimumVisualStudioVersion = 10.0.40219.1
Project("{FAE04EC0-301F-11D3-BF4B-00C04F79EFBC}") = "MisistemaAcemico", "MisistemaAcemico\MisistemaAcemico.csproj", "{1F592BD0-3A12-4A37-983E-3F880142A396}"
EndProject
Global
	GlobalSection(SolutionConfigurationPlatforms) = preSolution
		Debug|Any CPU = Debug|Any CPU
		Release|Any CPU = Release|Any CPU
	EndGlobalSection
	GlobalSection(ProjectConfigurationPlatforms) = postSolution
		{1F592BD0-3A12-4A37-983E-3F880142A396}.Debug|Any CPU.ActiveCfg = Debug|Any CPU
		{1F592BD0-3A12-4A37-983E-3F880142A396}.Debug|Any CPU.Build.0 = Debug|Any CPU
		{1F592BD0-3A12-4A37-983E-3F880142A396}.Release|Any CPU.ActiveCfg = Release|Any CPU
		{1F592BD0-3A12-4A37-983E-3F880142A396}.Release|Any CPU.Build.0 = Release|Any CPU
	EndGlobalSection
	GlobalSection(SolutionProperties) = preSolution
		HideSolutionNode = FALSE
	EndGlobalSection
	GlobalSection(ExtensibilityGlobals) = postSolution
		SolutionGuid = {A82FE108-2283-4D8E-8EBF-7965651F3025}
	EndGlobalSection
EndGlobal
